
Microsoft Visual Studio Solution File, Format Version 12.00
# Visual Studio Version 17
VisualStudioVersion = 17.7.34031.279
MinimumVisualStudioVersion = 10.0.40219.1
Project("{F184B08F-C81C-45F6-A57F-5ABD9991F28F}") = "15.1Computing Absolute Value", "15.1Computing Absolute Value\15.1Computing Absolute Value.vbproj", "{9E8E1CDB-F64D-428D-BB7B-A7EC7544DE38}"
EndProject
Global
	GlobalSection(SolutionConfigurationPlatforms) = preSolution
		Debug|Any CPU = Debug|Any CPU
		Release|Any CPU = Release|Any CPU
	EndGlobalSection
	GlobalSection(ProjectConfigurationPlatforms) = postSolution
		{9E8E1CDB-F64D-428D-BB7B-A7EC7544DE38}.Debug|Any CPU.ActiveCfg = Debug|Any CPU
		{9E8E1CDB-F64D-428D-BB7B-A7EC7544DE38}.Debug|Any CPU.Build.0 = Debug|Any CPU
		{9E8E1CDB-F64D-428D-BB7B-A7EC7544DE38}.Release|Any CPU.ActiveCfg = Release|Any CPU
		{9E8E1CDB-F64D-428D-BB7B-A7EC7544DE38}.Release|Any CPU.Build.0 = Release|Any CPU
	EndGlobalSection
	GlobalSection(SolutionProperties) = preSolution
		HideSolutionNode = FALSE
	EndGlobalSection
	GlobalSection(ExtensibilityGlobals) = postSolution
		SolutionGuid = {1AA495AE-1172-4C1A-84A6-2F4835734593}
	EndGlobalSection
EndGlobal
